# This file is autogenerated, do not edit; changes may be undone by the next 'dep ensure'.


[[projects]]
  name = "github.com/garyburd/redigo"
  packages = ["internal","redis"]
  revision = "d1ed5c67e5794de818ea85e6b522fda02623a484"
  version = "v1.4.0"

[solve-meta]
  analyzer-name = "dep"
  analyzer-version = 1
  inputs-digest = "ea9333f55ff9c188af3d7c599ef61954e6c5b677343dffb587e9f4f9faf19d2e"
  solver-name = "gps-cdcl"
  solver-version = 1
